<?xml version="1.0" encoding="utf-8"?>
<Project ToolsVersion="4.0" xmlns="http://schemas.microsoft.com/developer/msbuild/2003">
  <ItemGroup>
    <ClCompile Include="src\ofApp.cpp">
      <Filter>src</Filter>
    </ClCompile>
    <ClCompile Include="src\main.cpp">
      <Filter>src</Filter>
    </ClCompile>
    <ClCompile Include="LineBlock.cpp">
      <Filter>src\Blocks\Line</Filter>
    </ClCompile>
    <ClCompile Include="LPiece1.cpp">
      <Filter>src\Blocks\LP1</Filter>
    </ClCompile>
    <ClCompile Include="LPiece2.cpp">
      <Filter>src\Blocks\LP2</Filter>
    </ClCompile>
    <ClCompile Include="TBlock.cpp">
      <Filter>src\Blocks\TBlock</Filter>
    </ClCompile>
    <ClCompile Include="Tetrimino.cpp">
      <Filter>src\Blocks\Base</Filter>
    </ClCompile>
    <ClCompile Include="ZBlock1.cpp">
      <Filter>src\Blocks\ZBlock1</Filter>
    </ClCompile>
    <ClCompile Include="ZBlock2.cpp">
      <Filter>src\Blocks\ZBLock2</Filter>
    </ClCompile>
    <ClCompile Include="SquareBlock.cpp">
      <Filter>src\Blocks\SquareBlock</Filter>
    </ClCompile>
    <ClCompile Include="Block.cpp">
      <Filter>src\BaseBlock</Filter>
    </ClCompile>
    <ClCompile Include="ImageDict.cpp">
      <Filter>src\Printer</Filter>
    </ClCompile>
    <ClCompile Include="Printer.cpp">
      <Filter>src\Printer</Filter>
    </ClCompile>
    <ClCompile Include="GridT.cpp">
      <Filter>src\GRID</Filter>
    </ClCompile>
    <ClCompile Include="TetrisManager.cpp">
      <Filter>src\Manager</Filter>
    </ClCompile>
    <ClCompile Include="ScoreKeeper.cpp">
      <Filter>src\ScoreKeeper</Filter>
    </ClCompile>
  </ItemGroup>
  <ItemGroup>
    <Filter Include="src">
      <UniqueIdentifier>{d8376475-7454-4a24-b08a-aac121d3ad6f}</UniqueIdentifier>
    </Filter>
    <Filter Include="src\Blocks">
      <UniqueIdentifier>{db003911-e2a5-4ad7-bdce-bcf43051bbdd}</UniqueIdentifier>
    </Filter>
    <Filter Include="src\Blocks\Line">
      <UniqueIdentifier>{b9d07a17-935e-469b-8ce9-877533bdcd6b}</UniqueIdentifier>
    </Filter>
    <Filter Include="src\Blocks\LP1">
      <UniqueIdentifier>{5b283b55-dd99-4df3-982a-79648a71cf91}</UniqueIdentifier>
    </Filter>
    <Filter Include="src\Blocks\LP2">
      <UniqueIdentifier>{252a2bb7-684b-42c9-8041-11c9b07a39dd}</UniqueIdentifier>
    </Filter>
    <Filter Include="src\Blocks\TBlock">
      <UniqueIdentifier>{0b4ed626-5256-48b6-92bc-597adfdcbbc9}</UniqueIdentifier>
    </Filter>
    <Filter Include="src\Blocks\Base">
      <UniqueIdentifier>{cbfe583f-0723-4cfc-b2dc-dcb242d7d7d1}</UniqueIdentifier>
    </Filter>
    <Filter Include="src\Blocks\ZBlock1">
      <UniqueIdentifier>{69f66495-d377-4e26-a354-29095b46df1e}</UniqueIdentifier>
    </Filter>
    <Filter Include="src\Blocks\ZBLock2">
      <UniqueIdentifier>{84823cc0-9892-48c4-8807-e32bc6e68346}</UniqueIdentifier>
    </Filter>
    <Filter Include="src\Blocks\SquareBlock">
      <UniqueIdentifier>{c824a1de-10dc-4ac6-9562-47cf6f9d1906}</UniqueIdentifier>
    </Filter>
    <Filter Include="src\BaseBlock">
      <UniqueIdentifier>{c53cf395-0adc-4a58-b00b-5e7609d23bbc}</UniqueIdentifier>
    </Filter>
    <Filter Include="src\Printer">
      <UniqueIdentifier>{a7ca823d-1203-4bdc-b9b2-71b1814275b8}</UniqueIdentifier>
    </Filter>
    <Filter Include="src\GRID">
      <UniqueIdentifier>{003ed02e-5ce3-4b95-ae8b-5fd84541d03f}</UniqueIdentifier>
    </Filter>
    <Filter Include="src\Manager">
      <UniqueIdentifier>{fd1decb0-7a44-4603-8974-55a137778638}</UniqueIdentifier>
    </Filter>
    <Filter Include="src\ScoreKeeper">
      <UniqueIdentifier>{8d430b67-baad-40cf-a136-a63efd70ae3d}</UniqueIdentifier>
    </Filter>
  </ItemGroup>
  <ItemGroup>
    <ClInclude Include="src\ofApp.h">
      <Filter>src</Filter>
    </ClInclude>
    <ClInclude Include="LineBlock.h">
      <Filter>src\Blocks\Line</Filter>
    </ClInclude>
    <ClInclude Include="LPiece1.h">
      <Filter>src\Blocks\LP1</Filter>
    </ClInclude>
    <ClInclude Include="LPiece2.h">
      <Filter>src\Blocks\LP2</Filter>
    </ClInclude>
    <ClInclude Include="TBlock.h">
      <Filter>src\Blocks\TBlock</Filter>
    </ClInclude>
    <ClInclude Include="Tetrimino.h">
      <Filter>src\Blocks\Base</Filter>
    </ClInclude>
    <ClInclude Include="ZBlock1.h">
      <Filter>src\Blocks\ZBlock1</Filter>
    </ClInclude>
    <ClInclude Include="ZBlock2.h">
      <Filter>src\Blocks\ZBLock2</Filter>
    </ClInclude>
    <ClInclude Include="SquareBlock.h">
      <Filter>src\Blocks\SquareBlock</Filter>
    </ClInclude>
    <ClInclude Include="Block.h">
      <Filter>src\BaseBlock</Filter>
    </ClInclude>
    <ClInclude Include="ImageDict.h">
      <Filter>src\Printer</Filter>
    </ClInclude>
    <ClInclude Include="Printer.h">
      <Filter>src\Printer</Filter>
    </ClInclude>
    <ClInclude Include="GridT.h">
      <Filter>src\GRID</Filter>
    </ClInclude>
    <ClInclude Include="TetrisManager.h">
      <Filter>src\Manager</Filter>
    </ClInclude>
    <ClInclude Include="ScoreKeeper.h">
      <Filter>src\ScoreKeeper</Filter>
    </ClInclude>
  </ItemGroup>
  <ItemGroup>
    <ResourceCompile Include="icon.rc" />
  </ItemGroup>
</Project>